
Microsoft Visual Studio Solution File, Format Version 12.00
# Visual Studio Version 16
VisualStudioVersion = 16.0.31729.503
MinimumVisualStudioVersion = 10.0.40219.1
Project("{9A19103F-16F7-4668-BE54-9A1E7A4F7556}") = "WebhookProcessor", "WebhookProcessor.csproj", "{597D45A1-D295-4E2E-B60A-A7515E99E59A}"
EndProject
Global
	GlobalSection(SolutionConfigurationPlatforms) = preSolution
		Debug|Any CPU = Debug|Any CPU
		Release|Any CPU = Release|Any CPU
	EndGlobalSection
	GlobalSection(ProjectConfigurationPlatforms) = postSolution
		{597D45A1-D295-4E2E-B60A-A7515E99E59A}.Debug|Any CPU.ActiveCfg = Debug|Any CPU
		{597D45A1-D295-4E2E-B60A-A7515E99E59A}.Debug|Any CPU.Build.0 = Debug|Any CPU
		{597D45A1-D295-4E2E-B60A-A7515E99E59A}.Release|Any CPU.ActiveCfg = Release|Any CPU
		{597D45A1-D295-4E2E-B60A-A7515E99E59A}.Release|Any CPU.Build.0 = Release|Any CPU
	EndGlobalSection
	GlobalSection(SolutionProperties) = preSolution
		HideSolutionNode = FALSE
	EndGlobalSection
	GlobalSection(ExtensibilityGlobals) = postSolution
		SolutionGuid = {5F7822D7-D4EA-400A-A100-3A9A72A100A2}
	EndGlobalSection
EndGlobal
